<?xml version="1.0" encoding="utf-8"?>
<Project ToolsVersion="4.0" xmlns="http://schemas.microsoft.com/developer/msbuild/2003">
  <ItemGroup>
    <Filter Include="API">
      <UniqueIdentifier>{94069635-aeda-445f-b222-ecc81ad94f60}</UniqueIdentifier>
    </Filter>
    <Filter Include="Source">
      <UniqueIdentifier>{45311ddf-4c92-4358-8427-0540e66bacdc}</UniqueIdentifier>
    </Filter>
  </ItemGroup>
  <ItemGroup>
    <ClInclude Include="..\..\API\CefRuntimeAPI.h">
      <Filter>API</Filter>
    </ClInclude>
    <ClInclude Include="..\..\Source\DLLAPI.h">
      <Filter>Source</Filter>
    </ClInclude>
  </ItemGroup>
  <ItemGroup>
    <ClCompile Include="..\..\Source\RuntimeDLL.cpp">
      <Filter>Source</Filter>
    </ClCompile>
  </ItemGroup>
</Project>